
Microsoft Visual Studio Solution File, Format Version 12.00
# Visual Studio 15
VisualStudioVersion = 15.0.28307.489
MinimumVisualStudioVersion = 10.0.40219.1
Project("{FAE04EC0-301F-11D3-BF4B-00C04F79EFBC}") = "TextAnalysis", "TextAnalysis.csproj", "{E7F5D985-677D-4246-BA75-4BAE24DF38B5}"
EndProject
Project("{FAE04EC0-301F-11D3-BF4B-00C04F79EFBC}") = "WindowsForms", "C:\Users\Kuznetsov6\source\repos\WindowsForms\WindowsForms.csproj", "{FC581E20-6F44-47D2-BB05-464FBBA95ADE}"
EndProject
Project("{FAE04EC0-301F-11D3-BF4B-00C04F79EFBC}") = "WFTextAutoComplete", "WFTextAutoComplete\WFTextAutoComplete.csproj", "{06C6DC18-EE08-48EC-BC30-78C4F7BE01B4}"
EndProject
Global
	GlobalSection(SolutionConfigurationPlatforms) = preSolution
		Debug|Any CPU = Debug|Any CPU
		Release|Any CPU = Release|Any CPU
	EndGlobalSection
	GlobalSection(ProjectConfigurationPlatforms) = postSolution
		{E7F5D985-677D-4246-BA75-4BAE24DF38B5}.Debug|Any CPU.ActiveCfg = Debug|Any CPU
		{E7F5D985-677D-4246-BA75-4BAE24DF38B5}.Debug|Any CPU.Build.0 = Debug|Any CPU
		{E7F5D985-677D-4246-BA75-4BAE24DF38B5}.Release|Any CPU.ActiveCfg = Release|Any CPU
		{E7F5D985-677D-4246-BA75-4BAE24DF38B5}.Release|Any CPU.Build.0 = Release|Any CPU
		{FC581E20-6F44-47D2-BB05-464FBBA95ADE}.Debug|Any CPU.ActiveCfg = Debug|Any CPU
		{FC581E20-6F44-47D2-BB05-464FBBA95ADE}.Debug|Any CPU.Build.0 = Debug|Any CPU
		{FC581E20-6F44-47D2-BB05-464FBBA95ADE}.Release|Any CPU.ActiveCfg = Release|Any CPU
		{FC581E20-6F44-47D2-BB05-464FBBA95ADE}.Release|Any CPU.Build.0 = Release|Any CPU
		{06C6DC18-EE08-48EC-BC30-78C4F7BE01B4}.Debug|Any CPU.ActiveCfg = Debug|Any CPU
		{06C6DC18-EE08-48EC-BC30-78C4F7BE01B4}.Debug|Any CPU.Build.0 = Debug|Any CPU
		{06C6DC18-EE08-48EC-BC30-78C4F7BE01B4}.Release|Any CPU.ActiveCfg = Release|Any CPU
		{06C6DC18-EE08-48EC-BC30-78C4F7BE01B4}.Release|Any CPU.Build.0 = Release|Any CPU
	EndGlobalSection
	GlobalSection(SolutionProperties) = preSolution
		HideSolutionNode = FALSE
	EndGlobalSection
	GlobalSection(ExtensibilityGlobals) = postSolution
		SolutionGuid = {180AEC1B-2370-411F-849E-0255E017A575}
	EndGlobalSection
EndGlobal
